{
    "name": "Quenhé - Amigo Secreto",
    "version": "1.0.0",
    "lockfileVersion": 3,
    "requires": true,
    "packages": {
        "": {
            "name": "Quenhé - Amigo Secreto",
            "version": "1.0.0",
            "license": "UNLICENSED",
            "workspaces": [
                "apps/*"
            ]
        }
    }
}
